
Microsoft Visual Studio Solution File, Format Version 10.00
# Visual C++ Express 2008
Project("{8BC9CEB8-8B4A-11D0-8D11-00A0C91BC942}") = "unity2", "unity2\unity2.vcproj", "{71B30FA1-7E6E-49F2-B3D4-10FB1C2E48E3}"
EndProject
Global
	GlobalSection(SolutionConfigurationPlatforms) = preSolution
		Debug|Win32 = Debug|Win32
		Release|Win32 = Release|Win32
	EndGlobalSection
	GlobalSection(ProjectConfigurationPlatforms) = postSolution
		{71B30FA1-7E6E-49F2-B3D4-10FB1C2E48E3}.Debug|Win32.ActiveCfg = Debug|Win32
		{71B30FA1-7E6E-49F2-B3D4-10FB1C2E48E3}.Debug|Win32.Build.0 = Debug|Win32
		{71B30FA1-7E6E-49F2-B3D4-10FB1C2E48E3}.Release|Win32.ActiveCfg = Release|Win32
		{71B30FA1-7E6E-49F2-B3D4-10FB1C2E48E3}.Release|Win32.Build.0 = Release|Win32
	EndGlobalSection
	GlobalSection(SolutionProperties) = preSolution
		HideSolutionNode = FALSE
	EndGlobalSection
EndGlobal
