
Microsoft Visual Studio Solution File, Format Version 10.00
# Visual C++ Express 2008
Project("{8BC9CEB8-8B4A-11D0-8D11-00A0C91BC942}") = "cw2", "cw2\cw2.vcproj", "{6CAFE3AD-296C-4929-B39E-9117E786263F}"
EndProject
Global
	GlobalSection(SolutionConfigurationPlatforms) = preSolution
		Debug|Win32 = Debug|Win32
		Release|Win32 = Release|Win32
	EndGlobalSection
	GlobalSection(ProjectConfigurationPlatforms) = postSolution
		{6CAFE3AD-296C-4929-B39E-9117E786263F}.Debug|Win32.ActiveCfg = Debug|Win32
		{6CAFE3AD-296C-4929-B39E-9117E786263F}.Debug|Win32.Build.0 = Debug|Win32
		{6CAFE3AD-296C-4929-B39E-9117E786263F}.Release|Win32.ActiveCfg = Release|Win32
		{6CAFE3AD-296C-4929-B39E-9117E786263F}.Release|Win32.Build.0 = Release|Win32
	EndGlobalSection
	GlobalSection(SolutionProperties) = preSolution
		HideSolutionNode = FALSE
	EndGlobalSection
EndGlobal
