
Microsoft Visual Studio Solution File, Format Version 10.00
# Visual C++ Express 2008
Project("{8BC9CEB8-8B4A-11D0-8D11-00A0C91BC942}") = "dei_pacz", "dei_pacz\dei_pacz.vcproj", "{CFD8DBF4-D2C2-49C3-8372-EF9F81905DA0}"
EndProject
Global
	GlobalSection(SolutionConfigurationPlatforms) = preSolution
		Debug|Win32 = Debug|Win32
		Release|Win32 = Release|Win32
	EndGlobalSection
	GlobalSection(ProjectConfigurationPlatforms) = postSolution
		{CFD8DBF4-D2C2-49C3-8372-EF9F81905DA0}.Debug|Win32.ActiveCfg = Debug|Win32
		{CFD8DBF4-D2C2-49C3-8372-EF9F81905DA0}.Debug|Win32.Build.0 = Debug|Win32
		{CFD8DBF4-D2C2-49C3-8372-EF9F81905DA0}.Release|Win32.ActiveCfg = Release|Win32
		{CFD8DBF4-D2C2-49C3-8372-EF9F81905DA0}.Release|Win32.Build.0 = Release|Win32
	EndGlobalSection
	GlobalSection(SolutionProperties) = preSolution
		HideSolutionNode = FALSE
	EndGlobalSection
EndGlobal
