
Microsoft Visual Studio Solution File, Format Version 10.00
# Visual C++ Express 2008
Project("{8BC9CEB8-8B4A-11D0-8D11-00A0C91BC942}") = "matrix", "matrix\matrix.vcproj", "{20DF593E-DD61-4852-9F48-26861C48ECD6}"
EndProject
Global
	GlobalSection(SolutionConfigurationPlatforms) = preSolution
		Debug|Win32 = Debug|Win32
		Release|Win32 = Release|Win32
	EndGlobalSection
	GlobalSection(ProjectConfigurationPlatforms) = postSolution
		{20DF593E-DD61-4852-9F48-26861C48ECD6}.Debug|Win32.ActiveCfg = Debug|Win32
		{20DF593E-DD61-4852-9F48-26861C48ECD6}.Debug|Win32.Build.0 = Debug|Win32
		{20DF593E-DD61-4852-9F48-26861C48ECD6}.Release|Win32.ActiveCfg = Release|Win32
		{20DF593E-DD61-4852-9F48-26861C48ECD6}.Release|Win32.Build.0 = Release|Win32
	EndGlobalSection
	GlobalSection(SolutionProperties) = preSolution
		HideSolutionNode = FALSE
	EndGlobalSection
EndGlobal
