
Microsoft Visual Studio Solution File, Format Version 10.00
# Visual Studio 2008
Project("{8BC9CEB8-8B4A-11D0-8D11-00A0C91BC942}") = "einfall", "einfall\einfall.vcproj", "{E7DD6454-2556-43F3-98C3-7D9319C5BF9D}"
EndProject
Global
	GlobalSection(SolutionConfigurationPlatforms) = preSolution
		Debug|Win32 = Debug|Win32
		Release|Win32 = Release|Win32
	EndGlobalSection
	GlobalSection(ProjectConfigurationPlatforms) = postSolution
		{E7DD6454-2556-43F3-98C3-7D9319C5BF9D}.Debug|Win32.ActiveCfg = Debug|Win32
		{E7DD6454-2556-43F3-98C3-7D9319C5BF9D}.Debug|Win32.Build.0 = Debug|Win32
		{E7DD6454-2556-43F3-98C3-7D9319C5BF9D}.Release|Win32.ActiveCfg = Release|Win32
		{E7DD6454-2556-43F3-98C3-7D9319C5BF9D}.Release|Win32.Build.0 = Release|Win32
	EndGlobalSection
	GlobalSection(SolutionProperties) = preSolution
		HideSolutionNode = FALSE
	EndGlobalSection
EndGlobal
